// !$*UTF8*$!
{
	archiveVersion = 1;
	classes = {
	};
	objectVersion = 46;
	objects = {

/* Begin PBXBuildFile section */
		63F9233A1B53997E004E7DA1 /* AppDelegate.swift in Sources */ = {isa = PBXBuildFile; fileRef = 63F923391B53997E004E7DA1 /* AppDelegate.swift */; };
		63F9233C1B53997E004E7DA1 /* ViewController.swift in Sources */ = {isa = PBXBuildFile; fileRef = 63F9233B1B53997E004E7DA1 /* ViewController.swift */; };
		63F9233F1B53997E004E7DA1 /* Main.storyboard in Resources */ = {isa = PBXBuildFile; fileRef = 63F9233D1B53997E004E7DA1 /* Main.storyboard */; };
		63F923411B53997E004E7DA1 /* Images.xcassets in Resources */ = {isa = PBXBuildFile; fileRef = 63F923401B53997E004E7DA1 /* Images.xcassets */; };
		63F923441B53997E004E7DA1 /* LaunchScreen.xib in Resources */ = {isa = PBXBuildFile; fileRef = 63F923421B53997E004E7DA1 /* LaunchScreen.xib */; };
		63F923501B53997E004E7DA1 /* PostcardTests.swift in Sources */ = {isa = PBXBuildFile; fileRef = 63F9234F1B53997E004E7DA1 /* PostcardTests.swift */; };
		63F9235A1B539CA2004E7DA1 /* SagradaFamilia.jpeg in Resources */ = {isa = PBXBuildFile; fileRef = 63F923591B539CA2004E7DA1 /* SagradaFamilia.jpeg */; };
		63F9235C1B53AA8B004E7DA1 /* AlbertEinsteinStamp.jpg in Resources */ = {isa = PBXBuildFile; fileRef = 63F9235B1B53AA8B004E7DA1 /* AlbertEinsteinStamp.jpg */; };
/* End PBXBuildFile section */

/* Begin PBXContainerItemProxy section */
		63F9234A1B53997E004E7DA1 /* PBXContainerItemProxy */ = {
			isa = PBXContainerItemProxy;
			containerPortal = 63F9232C1B53997E004E7DA1 /* Project object */;
			proxyType = 1;
			remoteGlobalIDString = 63F923331B53997E004E7DA1;
			remoteInfo = Postcard;
		};
/* End PBXContainerItemProxy section */

/* Begin PBXFileReference section */
		63F923341B53997E004E7DA1 /* Postcard.app */ = {isa = PBXFileReference; explicitFileType = wrapper.application; includeInIndex = 0; path = Postcard.app; sourceTree = BUILT_PRODUCTS_DIR; };
		63F923381B53997E004E7DA1 /* Info.plist */ = {isa = PBXFileReference; lastKnownFileType = text.plist.xml; path = Info.plist; sourceTree = "<group>"; };
		63F923391B53997E004E7DA1 /* AppDelegate.swift */ = {isa = PBXFileReference; lastKnownFileType = sourcecode.swift; path = AppDelegate.swift; sourceTree = "<group>"; };
		63F9233B1B53997E004E7DA1 /* ViewController.swift */ = {isa = PBXFileReference; lastKnownFileType = sourcecode.swift; path = ViewController.swift; sourceTree = "<group>"; };
		63F9233E1B53997E004E7DA1 /* Base */ = {isa = PBXFileReference; lastKnownFileType = file.storyboard; name = Base; path = Base.lproj/Main.storyboard; sourceTree = "<group>"; };
		63F923401B53997E004E7DA1 /* Images.xcassets */ = {isa = PBXFileReference; lastKnownFileType = folder.assetcatalog; path = Images.xcassets; sourceTree = "<group>"; };
		63F923431B53997E004E7DA1 /* Base */ = {isa = PBXFileReference; lastKnownFileType = file.xib; name = Base; path = Base.lproj/LaunchScreen.xib; sourceTree = "<group>"; };
		63F923491B53997E004E7DA1 /* PostcardTests.xctest */ = {isa = PBXFileReference; explicitFileType = wrapper.cfbundle; includeInIndex = 0; path = PostcardTests.xctest; sourceTree = BUILT_PRODUCTS_DIR; };
		63F9234E1B53997E004E7DA1 /* Info.plist */ = {isa = PBXFileReference; lastKnownFileType = text.plist.xml; path = Info.plist; sourceTree = "<group>"; };
		63F9234F1B53997E004E7DA1 /* PostcardTests.swift */ = {isa = PBXFileReference; lastKnownFileType = sourcecode.swift; path = PostcardTests.swift; sourceTree = "<group>"; };
		63F923591B539CA2004E7DA1 /* SagradaFamilia.jpeg */ = {isa = PBXFileReference; lastKnownFileType = image.jpeg; path = SagradaFamilia.jpeg; sourceTree = "<group>"; };
		63F9235B1B53AA8B004E7DA1 /* AlbertEinsteinStamp.jpg */ = {isa = PBXFileReference; lastKnownFileType = image.jpeg; path = AlbertEinsteinStamp.jpg; sourceTree = "<group>"; };
/* End PBXFileReference section */

/* Begin PBXFrameworksBuildPhase section */
		63F923311B53997E004E7DA1 /* Frameworks */ = {
			isa = PBXFrameworksBuildPhase;
			buildActionMask = 2147483647;
			files = (
			);
			runOnlyForDeploymentPostprocessing = 0;
		};
		63F923461B53997E004E7DA1 /* Frameworks */ = {
			isa = PBXFrameworksBuildPhase;
			buildActionMask = 2147483647;
			files = (
			);
			runOnlyForDeploymentPostprocessing = 0;
		};
/* End PBXFrameworksBuildPhase section */

/* Begin PBXGroup section */
		63F9232B1B53997E004E7DA1 = {
			isa = PBXGroup;
			children = (
				63F923361B53997E004E7DA1 /* Postcard */,
				63F9234C1B53997E004E7DA1 /* PostcardTests */,
				63F923351B53997E004E7DA1 /* Products */,
			);
			sourceTree = "<group>";
		};
		63F923351B53997E004E7DA1 /* Products */ = {
			isa = PBXGroup;
			children = (
				63F923341B53997E004E7DA1 /* Postcard.app */,
				63F923491B53997E004E7DA1 /* PostcardTests.xctest */,
			);
			name = Products;
			sourceTree = "<group>";
		};
		63F923361B53997E004E7DA1 /* Postcard */ = {
			isa = PBXGroup;
			children = (
				63F923391B53997E004E7DA1 /* AppDelegate.swift */,
				63F9233B1B53997E004E7DA1 /* ViewController.swift */,
				63F9233D1B53997E004E7DA1 /* Main.storyboard */,
				63F923401B53997E004E7DA1 /* Images.xcassets */,
				63F923421B53997E004E7DA1 /* LaunchScreen.xib */,
				63F923371B53997E004E7DA1 /* Supporting Files */,
			);
			path = Postcard;
			sourceTree = "<group>";
		};
		63F923371B53997E004E7DA1 /* Supporting Files */ = {
			isa = PBXGroup;
			children = (
				63F9235B1B53AA8B004E7DA1 /* AlbertEinsteinStamp.jpg */,
				63F923591B539CA2004E7DA1 /* SagradaFamilia.jpeg */,
				63F923381B53997E004E7DA1 /* Info.plist */,
			);
			name = "Supporting Files";
			sourceTree = "<group>";
		};
		63F9234C1B53997E004E7DA1 /* PostcardTests */ = {
			isa = PBXGroup;
			children = (
				63F9234F1B53997E004E7DA1 /* PostcardTests.swift */,
				63F9234D1B53997E004E7DA1 /* Supporting Files */,
			);
			path = PostcardTests;
			sourceTree = "<group>";
		};
		63F9234D1B53997E004E7DA1 /* Supporting Files */ = {
			isa = PBXGroup;
			children = (
				63F9234E1B53997E004E7DA1 /* Info.plist */,
			);
			name = "Supporting Files";
			sourceTree = "<group>";
		};
/* End PBXGroup section */

/* Begin PBXNativeTarget section */
		63F923331B53997E004E7DA1 /* Postcard */ = {
			isa = PBXNativeTarget;
			buildConfigurationList = 63F923531B53997E004E7DA1 /* Build configuration list for PBXNativeTarget "Postcard" */;
			buildPhases = (
				63F923301B53997E004E7DA1 /* Sources */,
				63F923311B53997E004E7DA1 /* Frameworks */,
				63F923321B53997E004E7DA1 /* Resources */,
			);
			buildRules = (
			);
			dependencies = (
			);
			name = Postcard;
			productName = Postcard;
			productReference = 63F923341B53997E004E7DA1 /* Postcard.app */;
			productType = "com.apple.product-type.application";
		};
		63F923481B53997E004E7DA1 /* PostcardTests */ = {
			isa = PBXNativeTarget;
			buildConfigurationList = 63F923561B53997E004E7DA1 /* Build configuration list for PBXNativeTarget "PostcardTests" */;
			buildPhases = (
				63F923451B53997E004E7DA1 /* Sources */,
				63F923461B53997E004E7DA1 /* Frameworks */,
				63F923471B53997E004E7DA1 /* Resources */,
			);
			buildRules = (
			);
			dependencies = (
				63F9234B1B53997E004E7DA1 /* PBXTargetDependency */,
			);
			name = PostcardTests;
			productName = PostcardTests;
			productReference = 63F923491B53997E004E7DA1 /* PostcardTests.xctest */;
			productType = "com.apple.product-type.bundle.unit-test";
		};
/* End PBXNativeTarget section */

/* Begin PBXProject section */
		63F9232C1B53997E004E7DA1 /* Project object */ = {
			isa = PBXProject;
			attributes = {
				LastUpgradeCheck = 0640;
				ORGANIZATIONNAME = "Diego Bas";
				TargetAttributes = {
					63F923331B53997E004E7DA1 = {
						CreatedOnToolsVersion = 6.4;
					};
					63F923481B53997E004E7DA1 = {
						CreatedOnToolsVersion = 6.4;
						TestTargetID = 63F923331B53997E004E7DA1;
					};
				};
			};
			buildConfigurationList = 63F9232F1B53997E004E7DA1 /* Build configuration list for PBXProject "Postcard" */;
			compatibilityVersion = "Xcode 3.2";
			developmentRegion = English;
			hasScannedForEncodings = 0;
			knownRegions = (
				en,
				Base,
			);
			mainGroup = 63F9232B1B53997E004E7DA1;
			productRefGroup = 63F923351B53997E004E7DA1 /* Products */;
			projectDirPath = "";
			projectRoot = "";
			targets = (
				63F923331B53997E004E7DA1 /* Postcard */,
				63F923481B53997E004E7DA1 /* PostcardTests */,
			);
		};
/* End PBXProject section */

/* Begin PBXResourcesBuildPhase section */
		63F923321B53997E004E7DA1 /* Resources */ = {
			isa = PBXResourcesBuildPhase;
			buildActionMask = 2147483647;
			files = (
				63F9233F1B53997E004E7DA1 /* Main.storyboard in Resources */,
				63F9235A1B539CA2004E7DA1 /* SagradaFamilia.jpeg in Resources */,
				63F9235C1B53AA8B004E7DA1 /* AlbertEinsteinStamp.jpg in Resources */,
				63F923441B53997E004E7DA1 /* LaunchScreen.xib in Resources */,
				63F923411B53997E004E7DA1 /* Images.xcassets in Resources */,
			);
			runOnlyForDeploymentPostprocessing = 0;
		};
		63F923471B53997E004E7DA1 /* Resources */ = {
			isa = PBXResourcesBuildPhase;
			buildActionMask = 2147483647;
			files = (
			);
			runOnlyForDeploymentPostprocessing = 0;
		};
/* End PBXResourcesBuildPhase section */

/* Begin PBXSourcesBuildPhase section */
		63F923301B53997E004E7DA1 /* Sources */ = {
			isa = PBXSourcesBuildPhase;
			buildActionMask = 2147483647;
			files = (
				63F9233C1B53997E004E7DA1 /* ViewController.swift in Sources */,
				63F9233A1B53997E004E7DA1 /* AppDelegate.swift in Sources */,
			);
			runOnlyForDeploymentPostprocessing = 0;
		};
		63F923451B53997E004E7DA1 /* Sources */ = {
			isa = PBXSourcesBuildPhase;
			buildActionMask = 2147483647;
			files = (
				63F923501B53997E004E7DA1 /* PostcardTests.swift in Sources */,
			);
			runOnlyForDeploymentPostprocessing = 0;
		};
/* End PBXSourcesBuildPhase section */

/* Begin PBXTargetDependency section */
		63F9234B1B53997E004E7DA1 /* PBXTargetDependency */ = {
			isa = PBXTargetDependency;
			target = 63F923331B53997E004E7DA1 /* Postcard */;
			targetProxy = 63F9234A1B53997E004E7DA1 /* PBXContainerItemProxy */;
		};
/* End PBXTargetDependency section */

/* Begin PBXVariantGroup section */
		63F9233D1B53997E004E7DA1 /* Main.storyboard */ = {
			isa = PBXVariantGroup;
			children = (
				63F9233E1B53997E004E7DA1 /* Base */,
			);
			name = Main.storyboard;
			sourceTree = "<group>";
		};
		63F923421B53997E004E7DA1 /* LaunchScreen.xib */ = {
			isa = PBXVariantGroup;
			children = (
				63F923431B53997E004E7DA1 /* Base */,
			);
			name = LaunchScreen.xib;
			sourceTree = "<group>";
		};
/* End PBXVariantGroup section */

/* Begin XCBuildConfiguration section */
		63F923511B53997E004E7DA1 /* Debug */ = {
			isa = XCBuildConfiguration;
			buildSettings = {
				ALWAYS_SEARCH_USER_PATHS = NO;
				CLANG_CXX_LANGUAGE_STANDARD = "gnu++0x";
				CLANG_CXX_LIBRARY = "libc++";
				CLANG_ENABLE_MODULES = YES;
				CLANG_ENABLE_OBJC_ARC = YES;
				CLANG_WARN_BOOL_CONVERSION = YES;
				CLANG_WARN_CONSTANT_CONVERSION = YES;
				CLANG_WARN_DIRECT_OBJC_ISA_USAGE = YES_ERROR;
				CLANG_WARN_EMPTY_BODY = YES;
				CLANG_WARN_ENUM_CONVERSION = YES;
				CLANG_WARN_INT_CONVERSION = YES;
				CLANG_WARN_OBJC_ROOT_CLASS = YES_ERROR;
				CLANG_WARN_UNREACHABLE_CODE = YES;
				CLANG_WARN__DUPLICATE_METHOD_MATCH = YES;
				"CODE_SIGN_IDENTITY[sdk=iphoneos*]" = "iPhone Developer";
				COPY_PHASE_STRIP = NO;
				DEBUG_INFORMATION_FORMAT = "dwarf-with-dsym";
				ENABLE_STRICT_OBJC_MSGSEND = YES;
				GCC_C_LANGUAGE_STANDARD = gnu99;
				GCC_DYNAMIC_NO_PIC = NO;
				GCC_NO_COMMON_BLOCKS = YES;
				GCC_OPTIMIZATION_LEVEL = 0;
				GCC_PREPROCESSOR_DEFINITIONS = (
					"DEBUG=1",
					"$(inherited)",
				);
				GCC_SYMBOLS_PRIVATE_EXTERN = NO;
				GCC_WARN_64_TO_32_BIT_CONVERSION = YES;
				GCC_WARN_ABOUT_RETURN_TYPE = YES_ERROR;
				GCC_WARN_UNDECLARED_SELECTOR = YES;
				GCC_WARN_UNINITIALIZED_AUTOS = YES_AGGRESSIVE;
				GCC_WARN_UNUSED_FUNCTION = YES;
				GCC_WARN_UNUSED_VARIABLE = YES;
				IPHONEOS_DEPLOYMENT_TARGET = 8.4;
				MTL_ENABLE_DEBUG_INFO = YES;
				ONLY_ACTIVE_ARCH = YES;
				SDKROOT = iphoneos;
				SWIFT_OPTIMIZATION_LEVEL = "-Onone";
				TARGETED_DEVICE_FAMILY = "1,2";
			};
			name = Debug;
		};
		63F923521B53997E004E7DA1 /* Release */ = {
			isa = XCBuildConfiguration;
			buildSettings = {
				ALWAYS_SEARCH_USER_PATHS = NO;
				CLANG_CXX_LANGUAGE_STANDARD = "gnu++0x";
				CLANG_CXX_LIBRARY = "libc++";
				CLANG_ENABLE_MODULES = YES;
				CLANG_ENABLE_OBJC_ARC = YES;
				CLANG_WARN_BOOL_CONVERSION = YES;
				CLANG_WARN_CONSTANT_CONVERSION = YES;
				CLANG_WARN_DIRECT_OBJC_ISA_USAGE = YES_ERROR;
				CLANG_WARN_EMPTY_BODY = YES;
				CLANG_WARN_ENUM_CONVERSION = YES;
				CLANG_WARN_INT_CONVERSION = YES;
				CLANG_WARN_OBJC_ROOT_CLASS = YES_ERROR;
				CLANG_WARN_UNREACHABLE_CODE = YES;
				CLANG_WARN__DUPLICATE_METHOD_MATCH = YES;
				"CODE_SIGN_IDENTITY[sdk=iphoneos*]" = "iPhone Developer";
				COPY_PHASE_STRIP = NO;
				DEBUG_INFORMATION_FORMAT = "dwarf-with-dsym";
				ENABLE_NS_ASSERTIONS = NO;
				ENABLE_STRICT_OBJC_MSGSEND = YES;
				GCC_C_LANGUAGE_STANDARD = gnu99;
				GCC_NO_COMMON_BLOCKS = YES;
				GCC_WARN_64_TO_32_BIT_CONVERSION = YES;
				GCC_WARN_ABOUT_RETURN_TYPE = YES_ERROR;
				GCC_WARN_UNDECLARED_SELECTOR = YES;
				GCC_WARN_UNINITIALIZED_AUTOS = YES_AGGRESSIVE;
				GCC_WARN_UNUSED_FUNCTION = YES;
				GCC_WARN_UNUSED_VARIABLE = YES;
				IPHONEOS_DEPLOYMENT_TARGET = 8.4;
				MTL_ENABLE_DEBUG_INFO = NO;
				SDKROOT = iphoneos;
				TARGETED_DEVICE_FAMILY = "1,2";
				VALIDATE_PRODUCT = YES;
			};
			name = Release;
		};
		63F923541B53997E004E7DA1 /* Debug */ = {
			isa = XCBuildConfiguration;
			buildSettings = {
				ASSETCATALOG_COMPILER_APPICON_NAME = AppIcon;
				INFOPLIST_FILE = Postcard/Info.plist;
				LD_RUNPATH_SEARCH_PATHS = "$(inherited) @executable_path/Frameworks";
				PRODUCT_NAME = "$(TARGET_NAME)";
			};
			name = Debug;
		};
		63F923551B53997E004E7DA1 /* Release */ = {
			isa = XCBuildConfiguration;
			buildSettings = {
				ASSETCATALOG_COMPILER_APPICON_NAME = AppIcon;
				INFOPLIST_FILE = Postcard/Info.plist;
				LD_RUNPATH_SEARCH_PATHS = "$(inherited) @executable_path/Frameworks";
				PRODUCT_NAME = "$(TARGET_NAME)";
			};
			name = Release;
		};
		63F923571B53997E004E7DA1 /* Debug */ = {
			isa = XCBuildConfiguration;
			buildSettings = {
				BUNDLE_LOADER = "$(TEST_HOST)";
				FRAMEWORK_SEARCH_PATHS = (
					"$(SDKROOT)/Developer/Library/Frameworks",
					"$(inherited)",
				);
				GCC_PREPROCESSOR_DEFINITIONS = (
					"DEBUG=1",
					"$(inherited)",
				);
				INFOPLIST_FILE = PostcardTests/Info.plist;
				LD_RUNPATH_SEARCH_PATHS = "$(inherited) @executable_path/Frameworks @loader_path/Frameworks";
				PRODUCT_NAME = "$(TARGET_NAME)";
				TEST_HOST = "$(BUILT_PRODUCTS_DIR)/Postcard.app/Postcard";
			};
			name = Debug;
		};
		63F923581B53997E004E7DA1 /* Release */ = {
			isa = XCBuildConfiguration;
			buildSettings = {
				BUNDLE_LOADER = "$(TEST_HOST)";
				FRAMEWORK_SEARCH_PATHS = (
					"$(SDKROOT)/Developer/Library/Frameworks",
					"$(inherited)",
				);
				INFOPLIST_FILE = PostcardTests/Info.plist;
				LD_RUNPATH_SEARCH_PATHS = "$(inherited) @executable_path/Frameworks @loader_path/Frameworks";
				PRODUCT_NAME = "$(TARGET_NAME)";
				TEST_HOST = "$(BUILT_PRODUCTS_DIR)/Postcard.app/Postcard";
			};
			name = Release;
		};
/* End XCBuildConfiguration section */

/* Begin XCConfigurationList section */
		63F9232F1B53997E004E7DA1 /* Build configuration list for PBXProject "Postcard" */ = {
			isa = XCConfigurationList;
			buildConfigurations = (
				63F923511B53997E004E7DA1 /* Debug */,
				63F923521B53997E004E7DA1 /* Release */,
			);
			defaultConfigurationIsVisible = 0;
			defaultConfigurationName = Release;
		};
		63F923531B53997E004E7DA1 /* Build configuration list for PBXNativeTarget "Postcard" */ = {
			isa = XCConfigurationList;
			buildConfigurations = (
				63F923541B53997E004E7DA1 /* Debug */,
				63F923551B53997E004E7DA1 /* Release */,
			);
			defaultConfigurationIsVisible = 0;
		};
		63F923561B53997E004E7DA1 /* Build configuration list for PBXNativeTarget "PostcardTests" */ = {
			isa = XCConfigurationList;
			buildConfigurations = (
				63F923571B53997E004E7DA1 /* Debug */,
				63F923581B53997E004E7DA1 /* Release */,
			);
			defaultConfigurationIsVisible = 0;
		};
/* End XCConfigurationList section */
	};
	rootObject = 63F9232C1B53997E004E7DA1 /* Project object */;
}
